
Microsoft Visual Studio Solution File, Format Version 12.00
# Visual Studio Version 16
VisualStudioVersion = 16.0.30309.148
MinimumVisualStudioVersion = 10.0.40219.1
Project("{FAE04EC0-301F-11D3-BF4B-00C04F79EFBC}") = "BuildCorrectionsList", "BuildCorrectionsList\BuildCorrectionsList.csproj", "{4563F738-3495-4D64-8297-0ED2D00629CF}"
EndProject
Project("{FAE04EC0-301F-11D3-BF4B-00C04F79EFBC}") = "HelperFunctionLibrary", "HelperFunctionLibrary\HelperFunctionLibrary.csproj", "{E9837D5C-9D88-4E10-A1DA-49A0CFAFFF3A}"
EndProject
Project("{FAE04EC0-301F-11D3-BF4B-00C04F79EFBC}") = "CommonLibrary", "CommonLibrary\CommonLibrary.csproj", "{17C20CF3-D73E-4609-AA8E-8FC51C35A7EB}"
EndProject
Project("{FAE04EC0-301F-11D3-BF4B-00C04F79EFBC}") = "MainFormUI", "MainFormUI\MainFormUI.csproj", "{CF0912EF-C594-4FE9-B228-73805CD72FD0}"
EndProject
Global
	GlobalSection(SolutionConfigurationPlatforms) = preSolution
		Debug|Any CPU = Debug|Any CPU
		Release|Any CPU = Release|Any CPU
	EndGlobalSection
	GlobalSection(ProjectConfigurationPlatforms) = postSolution
		{4563F738-3495-4D64-8297-0ED2D00629CF}.Debug|Any CPU.ActiveCfg = Debug|Any CPU
		{4563F738-3495-4D64-8297-0ED2D00629CF}.Debug|Any CPU.Build.0 = Debug|Any CPU
		{4563F738-3495-4D64-8297-0ED2D00629CF}.Release|Any CPU.ActiveCfg = Release|Any CPU
		{4563F738-3495-4D64-8297-0ED2D00629CF}.Release|Any CPU.Build.0 = Release|Any CPU
		{E9837D5C-9D88-4E10-A1DA-49A0CFAFFF3A}.Debug|Any CPU.ActiveCfg = Debug|Any CPU
		{E9837D5C-9D88-4E10-A1DA-49A0CFAFFF3A}.Debug|Any CPU.Build.0 = Debug|Any CPU
		{E9837D5C-9D88-4E10-A1DA-49A0CFAFFF3A}.Release|Any CPU.ActiveCfg = Release|Any CPU
		{E9837D5C-9D88-4E10-A1DA-49A0CFAFFF3A}.Release|Any CPU.Build.0 = Release|Any CPU
		{17C20CF3-D73E-4609-AA8E-8FC51C35A7EB}.Debug|Any CPU.ActiveCfg = Debug|Any CPU
		{17C20CF3-D73E-4609-AA8E-8FC51C35A7EB}.Debug|Any CPU.Build.0 = Debug|Any CPU
		{17C20CF3-D73E-4609-AA8E-8FC51C35A7EB}.Release|Any CPU.ActiveCfg = Release|Any CPU
		{17C20CF3-D73E-4609-AA8E-8FC51C35A7EB}.Release|Any CPU.Build.0 = Release|Any CPU
		{CF0912EF-C594-4FE9-B228-73805CD72FD0}.Debug|Any CPU.ActiveCfg = Debug|Any CPU
		{CF0912EF-C594-4FE9-B228-73805CD72FD0}.Debug|Any CPU.Build.0 = Debug|Any CPU
		{CF0912EF-C594-4FE9-B228-73805CD72FD0}.Release|Any CPU.ActiveCfg = Release|Any CPU
		{CF0912EF-C594-4FE9-B228-73805CD72FD0}.Release|Any CPU.Build.0 = Release|Any CPU
	EndGlobalSection
	GlobalSection(SolutionProperties) = preSolution
		HideSolutionNode = FALSE
	EndGlobalSection
	GlobalSection(ExtensibilityGlobals) = postSolution
		SolutionGuid = {E08DBE5E-7E2B-4DF0-B191-CABF0C31C05B}
	EndGlobalSection
EndGlobal
